hash: a9ec13c51bf93f8e854fbb80aa3da59eb95b8ad15aaec0c740a66e0718c7a728
updated: 2018-01-16T14:24:47.941644786+01:00
imports:
- name: github.com/dgryski/go-metro
  version: 280f6062b5bc97ee9b9afe7f2ccb361e59845baa
testImports:
- name: github.com/davecgh/go-spew
  version: 04cdfd42973bb9c8589fd6a731800cf222fde1a9
  subpackages:
  - spew
- name: github.com/leemcloughlin/gofarmhash
  version: 0a055c5b87a8c55ce83459cbf2776b563822a942
- name: github.com/pmezard/go-difflib
  version: d8ed2627bdf02c080bf22230dbb337003b7aba2d
  subpackages:
  - difflib
- name: github.com/stretchr/testify
  version: 4d4bfba8f1d1027c4fdbe371823030df51419987
  subpackages:
  - assert
